
Microsoft Visual Studio Solution File, Format Version 12.00
# Visual Studio Version 17
VisualStudioVersion = 17.13.35828.75 d17.13
MinimumVisualStudioVersion = 10.0.40219.1
Project("{FAE04EC0-301F-11D3-BF4B-00C04F79EFBC}") = "Prueba inicial microservicios", "Prueba inicial microservicios.csproj", "{08F3C157-8786-4FC6-96AC-C42C09C2434C}"
EndProject
Global
	GlobalSection(SolutionConfigurationPlatforms) = preSolution
		Debug|Any CPU = Debug|Any CPU
		Release|Any CPU = Release|Any CPU
	EndGlobalSection
	GlobalSection(ProjectConfigurationPlatforms) = postSolution
		{08F3C157-8786-4FC6-96AC-C42C09C2434C}.Debug|Any CPU.ActiveCfg = Debug|Any CPU
		{08F3C157-8786-4FC6-96AC-C42C09C2434C}.Debug|Any CPU.Build.0 = Debug|Any CPU
		{08F3C157-8786-4FC6-96AC-C42C09C2434C}.Release|Any CPU.ActiveCfg = Release|Any CPU
		{08F3C157-8786-4FC6-96AC-C42C09C2434C}.Release|Any CPU.Build.0 = Release|Any CPU
	EndGlobalSection
	GlobalSection(SolutionProperties) = preSolution
		HideSolutionNode = FALSE
	EndGlobalSection
	GlobalSection(ExtensibilityGlobals) = postSolution
		SolutionGuid = {CC5A6C2D-E6B6-4A85-8339-1F079786299C}
	EndGlobalSection
EndGlobal
